
Microsoft Visual Studio Solution File, Format Version 12.00
# Visual Studio 15
VisualStudioVersion = 15.0.28010.2026
MinimumVisualStudioVersion = 10.0.40219.1
Project("{FAE04EC0-301F-11D3-BF4B-00C04F79EFBC}") = "InitechAPI", "InitechAPI\InitechAPI.csproj", "{C87E88B1-550A-4D1D-8E9E-ABBD3459BA79}"
EndProject
Project("{FAE04EC0-301F-11D3-BF4B-00C04F79EFBC}") = "InitechAPIUnitTests", "InitechAPIUnitTests\InitechAPIUnitTests.csproj", "{E0940719-BDBB-4F86-B4A0-97A3DC9255C3}"
EndProject
Global
	GlobalSection(SolutionConfigurationPlatforms) = preSolution
		Debug|Any CPU = Debug|Any CPU
		Release|Any CPU = Release|Any CPU
	EndGlobalSection
	GlobalSection(ProjectConfigurationPlatforms) = postSolution
		{C87E88B1-550A-4D1D-8E9E-ABBD3459BA79}.Debug|Any CPU.ActiveCfg = Debug|Any CPU
		{C87E88B1-550A-4D1D-8E9E-ABBD3459BA79}.Debug|Any CPU.Build.0 = Debug|Any CPU
		{C87E88B1-550A-4D1D-8E9E-ABBD3459BA79}.Release|Any CPU.ActiveCfg = Release|Any CPU
		{C87E88B1-550A-4D1D-8E9E-ABBD3459BA79}.Release|Any CPU.Build.0 = Release|Any CPU
		{E0940719-BDBB-4F86-B4A0-97A3DC9255C3}.Debug|Any CPU.ActiveCfg = Debug|Any CPU
		{E0940719-BDBB-4F86-B4A0-97A3DC9255C3}.Debug|Any CPU.Build.0 = Debug|Any CPU
		{E0940719-BDBB-4F86-B4A0-97A3DC9255C3}.Release|Any CPU.ActiveCfg = Release|Any CPU
		{E0940719-BDBB-4F86-B4A0-97A3DC9255C3}.Release|Any CPU.Build.0 = Release|Any CPU
	EndGlobalSection
	GlobalSection(SolutionProperties) = preSolution
		HideSolutionNode = FALSE
	EndGlobalSection
	GlobalSection(ExtensibilityGlobals) = postSolution
		SolutionGuid = {B43720C3-A5C9-4C1B-9959-0866E48E19D5}
	EndGlobalSection
EndGlobal
